// !$*UTF8*$!
{
	archiveVersion = 1;
	classes = {
	};
	objectVersion = 50;
	objects = {

/* Begin PBXBuildFile section */
		B9049CF921E0940900330DC2 /* AppDelegate.swift in Sources */ = {isa = PBXBuildFile; fileRef = B9049CF821E0940900330DC2 /* AppDelegate.swift */; };
		B9049CFB21E0940900330DC2 /* art.scnassets in Resources */ = {isa = PBXBuildFile; fileRef = B9049CFA21E0940900330DC2 /* art.scnassets */; };
		B9049CFD21E0940900330DC2 /* ARViewController.swift in Sources */ = {isa = PBXBuildFile; fileRef = B9049CFC21E0940900330DC2 /* ARViewController.swift */; };
		B9049D0021E0940900330DC2 /* Main.storyboard in Resources */ = {isa = PBXBuildFile; fileRef = B9049CFE21E0940900330DC2 /* Main.storyboard */; };
		B9049D0521E0940B00330DC2 /* LaunchScreen.storyboard in Resources */ = {isa = PBXBuildFile; fileRef = B9049D0321E0940B00330DC2 /* LaunchScreen.storyboard */; };
		B9049D1521E0A10000330DC2 /* Assets.xcassets in Resources */ = {isa = PBXBuildFile; fileRef = B9049D1421E0A0FF00330DC2 /* Assets.xcassets */; };
		B97395B521E0CE850030B7B1 /* Utility.swift in Sources */ = {isa = PBXBuildFile; fileRef = B97395B421E0CE850030B7B1 /* Utility.swift */; };
/* End PBXBuildFile section */

/* Begin PBXFileReference section */
		B9049CF521E0940900330DC2 /* CARS24.app */ = {isa = PBXFileReference; explicitFileType = wrapper.application; includeInIndex = 0; path = CARS24.app; sourceTree = BUILT_PRODUCTS_DIR; };
		B9049CF821E0940900330DC2 /* AppDelegate.swift */ = {isa = PBXFileReference; lastKnownFileType = sourcecode.swift; path = AppDelegate.swift; sourceTree = "<group>"; };
		B9049CFA21E0940900330DC2 /* art.scnassets */ = {isa = PBXFileReference; lastKnownFileType = wrapper.scnassets; path = art.scnassets; sourceTree = "<group>"; };
		B9049CFC21E0940900330DC2 /* ARViewController.swift */ = {isa = PBXFileReference; lastKnownFileType = sourcecode.swift; path = ARViewController.swift; sourceTree = "<group>"; };
		B9049CFF21E0940900330DC2 /* Base */ = {isa = PBXFileReference; lastKnownFileType = file.storyboard; name = Base; path = Base.lproj/Main.storyboard; sourceTree = "<group>"; };
		B9049D0421E0940B00330DC2 /* Base */ = {isa = PBXFileReference; lastKnownFileType = file.storyboard; name = Base; path = Base.lproj/LaunchScreen.storyboard; sourceTree = "<group>"; };
		B9049D0621E0940B00330DC2 /* Info.plist */ = {isa = PBXFileReference; lastKnownFileType = text.plist.xml; path = Info.plist; sourceTree = "<group>"; };
		B9049D1421E0A0FF00330DC2 /* Assets.xcassets */ = {isa = PBXFileReference; lastKnownFileType = folder.assetcatalog; path = Assets.xcassets; sourceTree = "<group>"; };
		B97395B421E0CE850030B7B1 /* Utility.swift */ = {isa = PBXFileReference; lastKnownFileType = sourcecode.swift; path = Utility.swift; sourceTree = "<group>"; };
/* End PBXFileReference section */

/* Begin PBXFrameworksBuildPhase section */
		B9049CF221E0940900330DC2 /* Frameworks */ = {
			isa = PBXFrameworksBuildPhase;
			buildActionMask = 2147483647;
			files = (
			);
			runOnlyForDeploymentPostprocessing = 0;
		};
/* End PBXFrameworksBuildPhase section */

/* Begin PBXGroup section */
		B9049CEC21E0940800330DC2 = {
			isa = PBXGroup;
			children = (
				B9049CF721E0940900330DC2 /* CARS24 */,
				B9049CF621E0940900330DC2 /* Products */,
			);
			sourceTree = "<group>";
		};
		B9049CF621E0940900330DC2 /* Products */ = {
			isa = PBXGroup;
			children = (
				B9049CF521E0940900330DC2 /* CARS24.app */,
			);
			name = Products;
			sourceTree = "<group>";
		};
		B9049CF721E0940900330DC2 /* CARS24 */ = {
			isa = PBXGroup;
			children = (
				B9049CF821E0940900330DC2 /* AppDelegate.swift */,
				B9049CFC21E0940900330DC2 /* ARViewController.swift */,
				B97395B421E0CE850030B7B1 /* Utility.swift */,
				B9049CFE21E0940900330DC2 /* Main.storyboard */,
				B9049D1421E0A0FF00330DC2 /* Assets.xcassets */,
				B9049CFA21E0940900330DC2 /* art.scnassets */,
				B9049D0321E0940B00330DC2 /* LaunchScreen.storyboard */,
				B9049D0621E0940B00330DC2 /* Info.plist */,
			);
			path = CARS24;
			sourceTree = "<group>";
		};
/* End PBXGroup section */

/* Begin PBXNativeTarget section */
		B9049CF421E0940900330DC2 /* CARS24 */ = {
			isa = PBXNativeTarget;
			buildConfigurationList = B9049D0921E0940B00330DC2 /* Build configuration list for PBXNativeTarget "CARS24" */;
			buildPhases = (
				B9049CF121E0940900330DC2 /* Sources */,
				B9049CF221E0940900330DC2 /* Frameworks */,
				B9049CF321E0940900330DC2 /* Resources */,
			);
			buildRules = (
			);
			dependencies = (
			);
			name = CARS24;
			productName = CARS24;
			productReference = B9049CF521E0940900330DC2 /* CARS24.app */;
			productType = "com.apple.product-type.application";
		};
/* End PBXNativeTarget section */

/* Begin PBXProject section */
		B9049CED21E0940800330DC2 /* Project object */ = {
			isa = PBXProject;
			attributes = {
				LastSwiftUpdateCheck = 1010;
				LastUpgradeCheck = 1010;
				ORGANIZATIONNAME = "Choudhary, Subham";
				TargetAttributes = {
					B9049CF421E0940900330DC2 = {
						CreatedOnToolsVersion = 10.1;
					};
				};
			};
			buildConfigurationList = B9049CF021E0940800330DC2 /* Build configuration list for PBXProject "CARS24" */;
			compatibilityVersion = "Xcode 9.3";
			developmentRegion = en;
			hasScannedForEncodings = 0;
			knownRegions = (
				en,
				Base,
			);
			mainGroup = B9049CEC21E0940800330DC2;
			productRefGroup = B9049CF621E0940900330DC2 /* Products */;
			projectDirPath = "";
			projectRoot = "";
			targets = (
				B9049CF421E0940900330DC2 /* CARS24 */,
			);
		};
/* End PBXProject section */

/* Begin PBXResourcesBuildPhase section */
		B9049CF321E0940900330DC2 /* Resources */ = {
			isa = PBXResourcesBuildPhase;
			buildActionMask = 2147483647;
			files = (
				B9049CFB21E0940900330DC2 /* art.scnassets in Resources */,
				B9049D0521E0940B00330DC2 /* LaunchScreen.storyboard in Resources */,
				B9049D1521E0A10000330DC2 /* Assets.xcassets in Resources */,
				B9049D0021E0940900330DC2 /* Main.storyboard in Resources */,
			);
			runOnlyForDeploymentPostprocessing = 0;
		};
/* End PBXResourcesBuildPhase section */

/* Begin PBXSourcesBuildPhase section */
		B9049CF121E0940900330DC2 /* Sources */ = {
			isa = PBXSourcesBuildPhase;
			buildActionMask = 2147483647;
			files = (
				B9049CFD21E0940900330DC2 /* ARViewController.swift in Sources */,
				B9049CF921E0940900330DC2 /* AppDelegate.swift in Sources */,
				B97395B521E0CE850030B7B1 /* Utility.swift in Sources */,
			);
			runOnlyForDeploymentPostprocessing = 0;
		};
/* End PBXSourcesBuildPhase section */

/* Begin PBXVariantGroup section */
		B9049CFE21E0940900330DC2 /* Main.storyboard */ = {
			isa = PBXVariantGroup;
			children = (
				B9049CFF21E0940900330DC2 /* Base */,
			);
			name = Main.storyboard;
			sourceTree = "<group>";
		};
		B9049D0321E0940B00330DC2 /* LaunchScreen.storyboard */ = {
			isa = PBXVariantGroup;
			children = (
				B9049D0421E0940B00330DC2 /* Base */,
			);
			name = LaunchScreen.storyboard;
			sourceTree = "<group>";
		};
/* End PBXVariantGroup section */

/* Begin XCBuildConfiguration section */
		B9049D0721E0940B00330DC2 /* Debug */ = {
			isa = XCBuildConfiguration;
			buildSettings = {
				ALWAYS_SEARCH_USER_PATHS = NO;
				CLANG_ANALYZER_NONNULL = YES;
				CLANG_ANALYZER_NUMBER_OBJECT_CONVERSION = YES_AGGRESSIVE;
				CLANG_CXX_LANGUAGE_STANDARD = "gnu++14";
				CLANG_CXX_LIBRARY = "libc++";
				CLANG_ENABLE_MODULES = YES;
				CLANG_ENABLE_OBJC_ARC = YES;
				CLANG_ENABLE_OBJC_WEAK = YES;
				CLANG_WARN_BLOCK_CAPTURE_AUTORELEASING = YES;
				CLANG_WARN_BOOL_CONVERSION = YES;
				CLANG_WARN_COMMA = YES;
				CLANG_WARN_CONSTANT_CONVERSION = YES;
				CLANG_WARN_DEPRECATED_OBJC_IMPLEMENTATIONS = YES;
				CLANG_WARN_DIRECT_OBJC_ISA_USAGE = YES_ERROR;
				CLANG_WARN_DOCUMENTATION_COMMENTS = YES;
				CLANG_WARN_EMPTY_BODY = YES;
				CLANG_WARN_ENUM_CONVERSION = YES;
				CLANG_WARN_INFINITE_RECURSION = YES;
				CLANG_WARN_INT_CONVERSION = YES;
				CLANG_WARN_NON_LITERAL_NULL_CONVERSION = YES;
				CLANG_WARN_OBJC_IMPLICIT_RETAIN_SELF = YES;
				CLANG_WARN_OBJC_LITERAL_CONVERSION = YES;
				CLANG_WARN_OBJC_ROOT_CLASS = YES_ERROR;
				CLANG_WARN_RANGE_LOOP_ANALYSIS = YES;
				CLANG_WARN_STRICT_PROTOTYPES = YES;
				CLANG_WARN_SUSPICIOUS_MOVE = YES;
				CLANG_WARN_UNGUARDED_AVAILABILITY = YES_AGGRESSIVE;
				CLANG_WARN_UNREACHABLE_CODE = YES;
				CLANG_WARN__DUPLICATE_METHOD_MATCH = YES;
				CODE_SIGN_IDENTITY = "iPhone Developer";
				COPY_PHASE_STRIP = NO;
				DEBUG_INFORMATION_FORMAT = dwarf;
				ENABLE_STRICT_OBJC_MSGSEND = YES;
				ENABLE_TESTABILITY = YES;
				GCC_C_LANGUAGE_STANDARD = gnu11;
				GCC_DYNAMIC_NO_PIC = NO;
				GCC_NO_COMMON_BLOCKS = YES;
				GCC_OPTIMIZATION_LEVEL = 0;
				GCC_PREPROCESSOR_DEFINITIONS = (
					"DEBUG=1",
					"$(inherited)",
				);
				GCC_WARN_64_TO_32_BIT_CONVERSION = YES;
				GCC_WARN_ABOUT_RETURN_TYPE = YES_ERROR;
				GCC_WARN_UNDECLARED_SELECTOR = YES;
				GCC_WARN_UNINITIALIZED_AUTOS = YES_AGGRESSIVE;
				GCC_WARN_UNUSED_FUNCTION = YES;
				GCC_WARN_UNUSED_VARIABLE = YES;
				IPHONEOS_DEPLOYMENT_TARGET = 12.1;
				MTL_ENABLE_DEBUG_INFO = INCLUDE_SOURCE;
				MTL_FAST_MATH = YES;
				ONLY_ACTIVE_ARCH = YES;
				SDKROOT = iphoneos;
				SWIFT_ACTIVE_COMPILATION_CONDITIONS = DEBUG;
				SWIFT_OPTIMIZATION_LEVEL = "-Onone";
			};
			name = Debug;
		};
		B9049D0821E0940B00330DC2 /* Release */ = {
			isa = XCBuildConfiguration;
			buildSettings = {
				ALWAYS_SEARCH_USER_PATHS = NO;
				CLANG_ANALYZER_NONNULL = YES;
				CLANG_ANALYZER_NUMBER_OBJECT_CONVERSION = YES_AGGRESSIVE;
				CLANG_CXX_LANGUAGE_STANDARD = "gnu++14";
				CLANG_CXX_LIBRARY = "libc++";
				CLANG_ENABLE_MODULES = YES;
				CLANG_ENABLE_OBJC_ARC = YES;
				CLANG_ENABLE_OBJC_WEAK = YES;
				CLANG_WARN_BLOCK_CAPTURE_AUTORELEASING = YES;
				CLANG_WARN_BOOL_CONVERSION = YES;
				CLANG_WARN_COMMA = YES;
				CLANG_WARN_CONSTANT_CONVERSION = YES;
				CLANG_WARN_DEPRECATED_OBJC_IMPLEMENTATIONS = YES;
				CLANG_WARN_DIRECT_OBJC_ISA_USAGE = YES_ERROR;
				CLANG_WARN_DOCUMENTATION_COMMENTS = YES;
				CLANG_WARN_EMPTY_BODY = YES;
				CLANG_WARN_ENUM_CONVERSION = YES;
				CLANG_WARN_INFINITE_RECURSION = YES;
				CLANG_WARN_INT_CONVERSION = YES;
				CLANG_WARN_NON_LITERAL_NULL_CONVERSION = YES;
				CLANG_WARN_OBJC_IMPLICIT_RETAIN_SELF = YES;
				CLANG_WARN_OBJC_LITERAL_CONVERSION = YES;
				CLANG_WARN_OBJC_ROOT_CLASS = YES_ERROR;
				CLANG_WARN_RANGE_LOOP_ANALYSIS = YES;
				CLANG_WARN_STRICT_PROTOTYPES = YES;
				CLANG_WARN_SUSPICIOUS_MOVE = YES;
				CLANG_WARN_UNGUARDED_AVAILABILITY = YES_AGGRESSIVE;
				CLANG_WARN_UNREACHABLE_CODE = YES;
				CLANG_WARN__DUPLICATE_METHOD_MATCH = YES;
				CODE_SIGN_IDENTITY = "iPhone Developer";
				COPY_PHASE_STRIP = NO;
				DEBUG_INFORMATION_FORMAT = "dwarf-with-dsym";
				ENABLE_NS_ASSERTIONS = NO;
				ENABLE_STRICT_OBJC_MSGSEND = YES;
				GCC_C_LANGUAGE_STANDARD = gnu11;
				GCC_NO_COMMON_BLOCKS = YES;
				GCC_WARN_64_TO_32_BIT_CONVERSION = YES;
				GCC_WARN_ABOUT_RETURN_TYPE = YES_ERROR;
				GCC_WARN_UNDECLARED_SELECTOR = YES;
				GCC_WARN_UNINITIALIZED_AUTOS = YES_AGGRESSIVE;
				GCC_WARN_UNUSED_FUNCTION = YES;
				GCC_WARN_UNUSED_VARIABLE = YES;
				IPHONEOS_DEPLOYMENT_TARGET = 12.1;
				MTL_ENABLE_DEBUG_INFO = NO;
				MTL_FAST_MATH = YES;
				SDKROOT = iphoneos;
				SWIFT_COMPILATION_MODE = wholemodule;
				SWIFT_OPTIMIZATION_LEVEL = "-O";
				VALIDATE_PRODUCT = YES;
			};
			name = Release;
		};
		B9049D0A21E0940B00330DC2 /* Debug */ = {
			isa = XCBuildConfiguration;
			buildSettings = {
				ASSETCATALOG_COMPILER_APPICON_NAME = AppIcon;
				CODE_SIGN_STYLE = Automatic;
				DEVELOPMENT_TEAM = 6QJ3847B92;
				INFOPLIST_FILE = CARS24/Info.plist;
				LD_RUNPATH_SEARCH_PATHS = (
					"$(inherited)",
					"@executable_path/Frameworks",
				);
				PRODUCT_BUNDLE_IDENTIFIER = RIP.CARS24;
				PRODUCT_NAME = "$(TARGET_NAME)";
				SWIFT_VERSION = 4.2;
				TARGETED_DEVICE_FAMILY = "1,2";
			};
			name = Debug;
		};
		B9049D0B21E0940B00330DC2 /* Release */ = {
			isa = XCBuildConfiguration;
			buildSettings = {
				ASSETCATALOG_COMPILER_APPICON_NAME = AppIcon;
				CODE_SIGN_STYLE = Automatic;
				DEVELOPMENT_TEAM = 6QJ3847B92;
				INFOPLIST_FILE = CARS24/Info.plist;
				LD_RUNPATH_SEARCH_PATHS = (
					"$(inherited)",
					"@executable_path/Frameworks",
				);
				PRODUCT_BUNDLE_IDENTIFIER = RIP.CARS24;
				PRODUCT_NAME = "$(TARGET_NAME)";
				SWIFT_VERSION = 4.2;
				TARGETED_DEVICE_FAMILY = "1,2";
			};
			name = Release;
		};
/* End XCBuildConfiguration section */

/* Begin XCConfigurationList section */
		B9049CF021E0940800330DC2 /* Build configuration list for PBXProject "CARS24" */ = {
			isa = XCConfigurationList;
			buildConfigurations = (
				B9049D0721E0940B00330DC2 /* Debug */,
				B9049D0821E0940B00330DC2 /* Release */,
			);
			defaultConfigurationIsVisible = 0;
			defaultConfigurationName = Release;
		};
		B9049D0921E0940B00330DC2 /* Build configuration list for PBXNativeTarget "CARS24" */ = {
			isa = XCConfigurationList;
			buildConfigurations = (
				B9049D0A21E0940B00330DC2 /* Debug */,
				B9049D0B21E0940B00330DC2 /* Release */,
			);
			defaultConfigurationIsVisible = 0;
			defaultConfigurationName = Release;
		};
/* End XCConfigurationList section */
	};
	rootObject = B9049CED21E0940800330DC2 /* Project object */;
}
